// !$*UTF8*$!
{
	archiveVersion = 1;
	classes = {
	};
	objectVersion = 55;
	objects = {

/* Begin PBXBuildFile section */
		7772FEE72CF7EEAF00007EFC /* AppDelegate.swift in Sources */ = {isa = PBXBuildFile; fileRef = 7772FEE62CF7EEAF00007EFC /* AppDelegate.swift */; };
		7772FEE92CF7EEAF00007EFC /* SceneDelegate.swift in Sources */ = {isa = PBXBuildFile; fileRef = 7772FEE82CF7EEAF00007EFC /* SceneDelegate.swift */; };
		7772FEEB2CF7EEAF00007EFC /* ViewController.swift in Sources */ = {isa = PBXBuildFile; fileRef = 7772FEEA2CF7EEAF00007EFC /* ViewController.swift */; };
		7772FEEE2CF7EEAF00007EFC /* Main.storyboard in Resources */ = {isa = PBXBuildFile; fileRef = 7772FEEC2CF7EEAF00007EFC /* Main.storyboard */; };
		7772FEF02CF7EEB300007EFC /* Assets.xcassets in Resources */ = {isa = PBXBuildFile; fileRef = 7772FEEF2CF7EEB300007EFC /* Assets.xcassets */; };
		7772FEF32CF7EEB300007EFC /* LaunchScreen.storyboard in Resources */ = {isa = PBXBuildFile; fileRef = 7772FEF12CF7EEB300007EFC /* LaunchScreen.storyboard */; };
		7772FEFE2CF7EEB400007EFC /* Vista3TestTests.swift in Sources */ = {isa = PBXBuildFile; fileRef = 7772FEFD2CF7EEB400007EFC /* Vista3TestTests.swift */; };
		7772FF082CF7EEB400007EFC /* Vista3TestUITests.swift in Sources */ = {isa = PBXBuildFile; fileRef = 7772FF072CF7EEB400007EFC /* Vista3TestUITests.swift */; };
		7772FF0A2CF7EEB400007EFC /* Vista3TestUITestsLaunchTests.swift in Sources */ = {isa = PBXBuildFile; fileRef = 7772FF092CF7EEB400007EFC /* Vista3TestUITestsLaunchTests.swift */; };
/* End PBXBuildFile section */

/* Begin PBXContainerItemProxy section */
		7772FEFA2CF7EEB400007EFC /* PBXContainerItemProxy */ = {
			isa = PBXContainerItemProxy;
			containerPortal = 7772FEDB2CF7EEAF00007EFC /* Project object */;
			proxyType = 1;
			remoteGlobalIDString = 7772FEE22CF7EEAF00007EFC;
			remoteInfo = Vista3Test;
		};
		7772FF042CF7EEB400007EFC /* PBXContainerItemProxy */ = {
			isa = PBXContainerItemProxy;
			containerPortal = 7772FEDB2CF7EEAF00007EFC /* Project object */;
			proxyType = 1;
			remoteGlobalIDString = 7772FEE22CF7EEAF00007EFC;
			remoteInfo = Vista3Test;
		};
/* End PBXContainerItemProxy section */

/* Begin PBXFileReference section */
		7772FEE32CF7EEAF00007EFC /* Vista3Test.app */ = {isa = PBXFileReference; explicitFileType = wrapper.application; includeInIndex = 0; path = Vista3Test.app; sourceTree = BUILT_PRODUCTS_DIR; };
		7772FEE62CF7EEAF00007EFC /* AppDelegate.swift */ = {isa = PBXFileReference; lastKnownFileType = sourcecode.swift; path = AppDelegate.swift; sourceTree = "<group>"; };
		7772FEE82CF7EEAF00007EFC /* SceneDelegate.swift */ = {isa = PBXFileReference; lastKnownFileType = sourcecode.swift; path = SceneDelegate.swift; sourceTree = "<group>"; };
		7772FEEA2CF7EEAF00007EFC /* ViewController.swift */ = {isa = PBXFileReference; lastKnownFileType = sourcecode.swift; path = ViewController.swift; sourceTree = "<group>"; };
		7772FEED2CF7EEAF00007EFC /* Base */ = {isa = PBXFileReference; lastKnownFileType = file.storyboard; name = Base; path = Base.lproj/Main.storyboard; sourceTree = "<group>"; };
		7772FEEF2CF7EEB300007EFC /* Assets.xcassets */ = {isa = PBXFileReference; lastKnownFileType = folder.assetcatalog; path = Assets.xcassets; sourceTree = "<group>"; };
		7772FEF22CF7EEB300007EFC /* Base */ = {isa = PBXFileReference; lastKnownFileType = file.storyboard; name = Base; path = Base.lproj/LaunchScreen.storyboard; sourceTree = "<group>"; };
		7772FEF42CF7EEB300007EFC /* Info.plist */ = {isa = PBXFileReference; lastKnownFileType = text.plist.xml; path = Info.plist; sourceTree = "<group>"; };
		7772FEF92CF7EEB400007EFC /* Vista3TestTests.xctest */ = {isa = PBXFileReference; explicitFileType = wrapper.cfbundle; includeInIndex = 0; path = Vista3TestTests.xctest; sourceTree = BUILT_PRODUCTS_DIR; };
		7772FEFD2CF7EEB400007EFC /* Vista3TestTests.swift */ = {isa = PBXFileReference; lastKnownFileType = sourcecode.swift; path = Vista3TestTests.swift; sourceTree = "<group>"; };
		7772FF032CF7EEB400007EFC /* Vista3TestUITests.xctest */ = {isa = PBXFileReference; explicitFileType = wrapper.cfbundle; includeInIndex = 0; path = Vista3TestUITests.xctest; sourceTree = BUILT_PRODUCTS_DIR; };
		7772FF072CF7EEB400007EFC /* Vista3TestUITests.swift */ = {isa = PBXFileReference; lastKnownFileType = sourcecode.swift; path = Vista3TestUITests.swift; sourceTree = "<group>"; };
		7772FF092CF7EEB400007EFC /* Vista3TestUITestsLaunchTests.swift */ = {isa = PBXFileReference; lastKnownFileType = sourcecode.swift; path = Vista3TestUITestsLaunchTests.swift; sourceTree = "<group>"; };
/* End PBXFileReference section */

/* Begin PBXFrameworksBuildPhase section */
		7772FEE02CF7EEAF00007EFC /* Frameworks */ = {
			isa = PBXFrameworksBuildPhase;
			buildActionMask = 2147483647;
			files = (
			);
			runOnlyForDeploymentPostprocessing = 0;
		};
		7772FEF62CF7EEB400007EFC /* Frameworks */ = {
			isa = PBXFrameworksBuildPhase;
			buildActionMask = 2147483647;
			files = (
			);
			runOnlyForDeploymentPostprocessing = 0;
		};
		7772FF002CF7EEB400007EFC /* Frameworks */ = {
			isa = PBXFrameworksBuildPhase;
			buildActionMask = 2147483647;
			files = (
			);
			runOnlyForDeploymentPostprocessing = 0;
		};
/* End PBXFrameworksBuildPhase section */

/* Begin PBXGroup section */
		7772FEDA2CF7EEAF00007EFC = {
			isa = PBXGroup;
			children = (
				7772FEE52CF7EEAF00007EFC /* Vista3Test */,
				7772FEFC2CF7EEB400007EFC /* Vista3TestTests */,
				7772FF062CF7EEB400007EFC /* Vista3TestUITests */,
				7772FEE42CF7EEAF00007EFC /* Products */,
			);
			sourceTree = "<group>";
		};
		7772FEE42CF7EEAF00007EFC /* Products */ = {
			isa = PBXGroup;
			children = (
				7772FEE32CF7EEAF00007EFC /* Vista3Test.app */,
				7772FEF92CF7EEB400007EFC /* Vista3TestTests.xctest */,
				7772FF032CF7EEB400007EFC /* Vista3TestUITests.xctest */,
			);
			name = Products;
			sourceTree = "<group>";
		};
		7772FEE52CF7EEAF00007EFC /* Vista3Test */ = {
			isa = PBXGroup;
			children = (
				7772FEE62CF7EEAF00007EFC /* AppDelegate.swift */,
				7772FEE82CF7EEAF00007EFC /* SceneDelegate.swift */,
				7772FEEA2CF7EEAF00007EFC /* ViewController.swift */,
				7772FEEC2CF7EEAF00007EFC /* Main.storyboard */,
				7772FEEF2CF7EEB300007EFC /* Assets.xcassets */,
				7772FEF12CF7EEB300007EFC /* LaunchScreen.storyboard */,
				7772FEF42CF7EEB300007EFC /* Info.plist */,
			);
			path = Vista3Test;
			sourceTree = "<group>";
		};
		7772FEFC2CF7EEB400007EFC /* Vista3TestTests */ = {
			isa = PBXGroup;
			children = (
				7772FEFD2CF7EEB400007EFC /* Vista3TestTests.swift */,
			);
			path = Vista3TestTests;
			sourceTree = "<group>";
		};
		7772FF062CF7EEB400007EFC /* Vista3TestUITests */ = {
			isa = PBXGroup;
			children = (
				7772FF072CF7EEB400007EFC /* Vista3TestUITests.swift */,
				7772FF092CF7EEB400007EFC /* Vista3TestUITestsLaunchTests.swift */,
			);
			path = Vista3TestUITests;
			sourceTree = "<group>";
		};
/* End PBXGroup section */

/* Begin PBXNativeTarget section */
		7772FEE22CF7EEAF00007EFC /* Vista3Test */ = {
			isa = PBXNativeTarget;
			buildConfigurationList = 7772FF0D2CF7EEB400007EFC /* Build configuration list for PBXNativeTarget "Vista3Test" */;
			buildPhases = (
				7772FEDF2CF7EEAF00007EFC /* Sources */,
				7772FEE02CF7EEAF00007EFC /* Frameworks */,
				7772FEE12CF7EEAF00007EFC /* Resources */,
			);
			buildRules = (
			);
			dependencies = (
			);
			name = Vista3Test;
			productName = Vista3Test;
			productReference = 7772FEE32CF7EEAF00007EFC /* Vista3Test.app */;
			productType = "com.apple.product-type.application";
		};
		7772FEF82CF7EEB400007EFC /* Vista3TestTests */ = {
			isa = PBXNativeTarget;
			buildConfigurationList = 7772FF102CF7EEB400007EFC /* Build configuration list for PBXNativeTarget "Vista3TestTests" */;
			buildPhases = (
				7772FEF52CF7EEB400007EFC /* Sources */,
				7772FEF62CF7EEB400007EFC /* Frameworks */,
				7772FEF72CF7EEB400007EFC /* Resources */,
			);
			buildRules = (
			);
			dependencies = (
				7772FEFB2CF7EEB400007EFC /* PBXTargetDependency */,
			);
			name = Vista3TestTests;
			productName = Vista3TestTests;
			productReference = 7772FEF92CF7EEB400007EFC /* Vista3TestTests.xctest */;
			productType = "com.apple.product-type.bundle.unit-test";
		};
		7772FF022CF7EEB400007EFC /* Vista3TestUITests */ = {
			isa = PBXNativeTarget;
			buildConfigurationList = 7772FF132CF7EEB400007EFC /* Build configuration list for PBXNativeTarget "Vista3TestUITests" */;
			buildPhases = (
				7772FEFF2CF7EEB400007EFC /* Sources */,
				7772FF002CF7EEB400007EFC /* Frameworks */,
				7772FF012CF7EEB400007EFC /* Resources */,
			);
			buildRules = (
			);
			dependencies = (
				7772FF052CF7EEB400007EFC /* PBXTargetDependency */,
			);
			name = Vista3TestUITests;
			productName = Vista3TestUITests;
			productReference = 7772FF032CF7EEB400007EFC /* Vista3TestUITests.xctest */;
			productType = "com.apple.product-type.bundle.ui-testing";
		};
/* End PBXNativeTarget section */

/* Begin PBXProject section */
		7772FEDB2CF7EEAF00007EFC /* Project object */ = {
			isa = PBXProject;
			attributes = {
				BuildIndependentTargetsInParallel = 1;
				LastSwiftUpdateCheck = 1320;
				LastUpgradeCheck = 1320;
				TargetAttributes = {
					7772FEE22CF7EEAF00007EFC = {
						CreatedOnToolsVersion = 13.2.1;
					};
					7772FEF82CF7EEB400007EFC = {
						CreatedOnToolsVersion = 13.2.1;
						TestTargetID = 7772FEE22CF7EEAF00007EFC;
					};
					7772FF022CF7EEB400007EFC = {
						CreatedOnToolsVersion = 13.2.1;
						TestTargetID = 7772FEE22CF7EEAF00007EFC;
					};
				};
			};
			buildConfigurationList = 7772FEDE2CF7EEAF00007EFC /* Build configuration list for PBXProject "Vista3Test" */;
			compatibilityVersion = "Xcode 13.0";
			developmentRegion = en;
			hasScannedForEncodings = 0;
			knownRegions = (
				en,
				Base,
			);
			mainGroup = 7772FEDA2CF7EEAF00007EFC;
			productRefGroup = 7772FEE42CF7EEAF00007EFC /* Products */;
			projectDirPath = "";
			projectRoot = "";
			targets = (
				7772FEE22CF7EEAF00007EFC /* Vista3Test */,
				7772FEF82CF7EEB400007EFC /* Vista3TestTests */,
				7772FF022CF7EEB400007EFC /* Vista3TestUITests */,
			);
		};
/* End PBXProject section */

/* Begin PBXResourcesBuildPhase section */
		7772FEE12CF7EEAF00007EFC /* Resources */ = {
			isa = PBXResourcesBuildPhase;
			buildActionMask = 2147483647;
			files = (
				7772FEF32CF7EEB300007EFC /* LaunchScreen.storyboard in Resources */,
				7772FEF02CF7EEB300007EFC /* Assets.xcassets in Resources */,
				7772FEEE2CF7EEAF00007EFC /* Main.storyboard in Resources */,
			);
			runOnlyForDeploymentPostprocessing = 0;
		};
		7772FEF72CF7EEB400007EFC /* Resources */ = {
			isa = PBXResourcesBuildPhase;
			buildActionMask = 2147483647;
			files = (
			);
			runOnlyForDeploymentPostprocessing = 0;
		};
		7772FF012CF7EEB400007EFC /* Resources */ = {
			isa = PBXResourcesBuildPhase;
			buildActionMask = 2147483647;
			files = (
			);
			runOnlyForDeploymentPostprocessing = 0;
		};
/* End PBXResourcesBuildPhase section */

/* Begin PBXSourcesBuildPhase section */
		7772FEDF2CF7EEAF00007EFC /* Sources */ = {
			isa = PBXSourcesBuildPhase;
			buildActionMask = 2147483647;
			files = (
				7772FEEB2CF7EEAF00007EFC /* ViewController.swift in Sources */,
				7772FEE72CF7EEAF00007EFC /* AppDelegate.swift in Sources */,
				7772FEE92CF7EEAF00007EFC /* SceneDelegate.swift in Sources */,
			);
			runOnlyForDeploymentPostprocessing = 0;
		};
		7772FEF52CF7EEB400007EFC /* Sources */ = {
			isa = PBXSourcesBuildPhase;
			buildActionMask = 2147483647;
			files = (
				7772FEFE2CF7EEB400007EFC /* Vista3TestTests.swift in Sources */,
			);
			runOnlyForDeploymentPostprocessing = 0;
		};
		7772FEFF2CF7EEB400007EFC /* Sources */ = {
			isa = PBXSourcesBuildPhase;
			buildActionMask = 2147483647;
			files = (
				7772FF0A2CF7EEB400007EFC /* Vista3TestUITestsLaunchTests.swift in Sources */,
				7772FF082CF7EEB400007EFC /* Vista3TestUITests.swift in Sources */,
			);
			runOnlyForDeploymentPostprocessing = 0;
		};
/* End PBXSourcesBuildPhase section */

/* Begin PBXTargetDependency section */
		7772FEFB2CF7EEB400007EFC /* PBXTargetDependency */ = {
			isa = PBXTargetDependency;
			target = 7772FEE22CF7EEAF00007EFC /* Vista3Test */;
			targetProxy = 7772FEFA2CF7EEB400007EFC /* PBXContainerItemProxy */;
		};
		7772FF052CF7EEB400007EFC /* PBXTargetDependency */ = {
			isa = PBXTargetDependency;
			target = 7772FEE22CF7EEAF00007EFC /* Vista3Test */;
			targetProxy = 7772FF042CF7EEB400007EFC /* PBXContainerItemProxy */;
		};
/* End PBXTargetDependency section */

/* Begin PBXVariantGroup section */
		7772FEEC2CF7EEAF00007EFC /* Main.storyboard */ = {
			isa = PBXVariantGroup;
			children = (
				7772FEED2CF7EEAF00007EFC /* Base */,
			);
			name = Main.storyboard;
			sourceTree = "<group>";
		};
		7772FEF12CF7EEB300007EFC /* LaunchScreen.storyboard */ = {
			isa = PBXVariantGroup;
			children = (
				7772FEF22CF7EEB300007EFC /* Base */,
			);
			name = LaunchScreen.storyboard;
			sourceTree = "<group>";
		};
/* End PBXVariantGroup section */

/* Begin XCBuildConfiguration section */
		7772FF0B2CF7EEB400007EFC /* Debug */ = {
			isa = XCBuildConfiguration;
			buildSettings = {
				ALWAYS_SEARCH_USER_PATHS = NO;
				CLANG_ANALYZER_NONNULL = YES;
				CLANG_ANALYZER_NUMBER_OBJECT_CONVERSION = YES_AGGRESSIVE;
				CLANG_CXX_LANGUAGE_STANDARD = "gnu++17";
				CLANG_CXX_LIBRARY = "libc++";
				CLANG_ENABLE_MODULES = YES;
				CLANG_ENABLE_OBJC_ARC = YES;
				CLANG_ENABLE_OBJC_WEAK = YES;
				CLANG_WARN_BLOCK_CAPTURE_AUTORELEASING = YES;
				CLANG_WARN_BOOL_CONVERSION = YES;
				CLANG_WARN_COMMA = YES;
				CLANG_WARN_CONSTANT_CONVERSION = YES;
				CLANG_WARN_DEPRECATED_OBJC_IMPLEMENTATIONS = YES;
				CLANG_WARN_DIRECT_OBJC_ISA_USAGE = YES_ERROR;
				CLANG_WARN_DOCUMENTATION_COMMENTS = YES;
				CLANG_WARN_EMPTY_BODY = YES;
				CLANG_WARN_ENUM_CONVERSION = YES;
				CLANG_WARN_INFINITE_RECURSION = YES;
				CLANG_WARN_INT_CONVERSION = YES;
				CLANG_WARN_NON_LITERAL_NULL_CONVERSION = YES;
				CLANG_WARN_OBJC_IMPLICIT_RETAIN_SELF = YES;
				CLANG_WARN_OBJC_LITERAL_CONVERSION = YES;
				CLANG_WARN_OBJC_ROOT_CLASS = YES_ERROR;
				CLANG_WARN_QUOTED_INCLUDE_IN_FRAMEWORK_HEADER = YES;
				CLANG_WARN_RANGE_LOOP_ANALYSIS = YES;
				CLANG_WARN_STRICT_PROTOTYPES = YES;
				CLANG_WARN_SUSPICIOUS_MOVE = YES;
				CLANG_WARN_UNGUARDED_AVAILABILITY = YES_AGGRESSIVE;
				CLANG_WARN_UNREACHABLE_CODE = YES;
				CLANG_WARN__DUPLICATE_METHOD_MATCH = YES;
				COPY_PHASE_STRIP = NO;
				DEBUG_INFORMATION_FORMAT = dwarf;
				ENABLE_STRICT_OBJC_MSGSEND = YES;
				ENABLE_TESTABILITY = YES;
				GCC_C_LANGUAGE_STANDARD = gnu11;
				GCC_DYNAMIC_NO_PIC = NO;
				GCC_NO_COMMON_BLOCKS = YES;
				GCC_OPTIMIZATION_LEVEL = 0;
				GCC_PREPROCESSOR_DEFINITIONS = (
					"DEBUG=1",
					"$(inherited)",
				);
				GCC_WARN_64_TO_32_BIT_CONVERSION = YES;
				GCC_WARN_ABOUT_RETURN_TYPE = YES_ERROR;
				GCC_WARN_UNDECLARED_SELECTOR = YES;
				GCC_WARN_UNINITIALIZED_AUTOS = YES_AGGRESSIVE;
				GCC_WARN_UNUSED_FUNCTION = YES;
				GCC_WARN_UNUSED_VARIABLE = YES;
				IPHONEOS_DEPLOYMENT_TARGET = 15.2;
				MTL_ENABLE_DEBUG_INFO = INCLUDE_SOURCE;
				MTL_FAST_MATH = YES;
				ONLY_ACTIVE_ARCH = YES;
				SDKROOT = iphoneos;
				SWIFT_ACTIVE_COMPILATION_CONDITIONS = DEBUG;
				SWIFT_OPTIMIZATION_LEVEL = "-Onone";
			};
			name = Debug;
		};
		7772FF0C2CF7EEB400007EFC /* Release */ = {
			isa = XCBuildConfiguration;
			buildSettings = {
				ALWAYS_SEARCH_USER_PATHS = NO;
				CLANG_ANALYZER_NONNULL = YES;
				CLANG_ANALYZER_NUMBER_OBJECT_CONVERSION = YES_AGGRESSIVE;
				CLANG_CXX_LANGUAGE_STANDARD = "gnu++17";
				CLANG_CXX_LIBRARY = "libc++";
				CLANG_ENABLE_MODULES = YES;
				CLANG_ENABLE_OBJC_ARC = YES;
				CLANG_ENABLE_OBJC_WEAK = YES;
				CLANG_WARN_BLOCK_CAPTURE_AUTORELEASING = YES;
				CLANG_WARN_BOOL_CONVERSION = YES;
				CLANG_WARN_COMMA = YES;
				CLANG_WARN_CONSTANT_CONVERSION = YES;
				CLANG_WARN_DEPRECATED_OBJC_IMPLEMENTATIONS = YES;
				CLANG_WARN_DIRECT_OBJC_ISA_USAGE = YES_ERROR;
				CLANG_WARN_DOCUMENTATION_COMMENTS = YES;
				CLANG_WARN_EMPTY_BODY = YES;
				CLANG_WARN_ENUM_CONVERSION = YES;
				CLANG_WARN_INFINITE_RECURSION = YES;
				CLANG_WARN_INT_CONVERSION = YES;
				CLANG_WARN_NON_LITERAL_NULL_CONVERSION = YES;
				CLANG_WARN_OBJC_IMPLICIT_RETAIN_SELF = YES;
				CLANG_WARN_OBJC_LITERAL_CONVERSION = YES;
				CLANG_WARN_OBJC_ROOT_CLASS = YES_ERROR;
				CLANG_WARN_QUOTED_INCLUDE_IN_FRAMEWORK_HEADER = YES;
				CLANG_WARN_RANGE_LOOP_ANALYSIS = YES;
				CLANG_WARN_STRICT_PROTOTYPES = YES;
				CLANG_WARN_SUSPICIOUS_MOVE = YES;
				CLANG_WARN_UNGUARDED_AVAILABILITY = YES_AGGRESSIVE;
				CLANG_WARN_UNREACHABLE_CODE = YES;
				CLANG_WARN__DUPLICATE_METHOD_MATCH = YES;
				COPY_PHASE_STRIP = NO;
				DEBUG_INFORMATION_FORMAT = "dwarf-with-dsym";
				ENABLE_NS_ASSERTIONS = NO;
				ENABLE_STRICT_OBJC_MSGSEND = YES;
				GCC_C_LANGUAGE_STANDARD = gnu11;
				GCC_NO_COMMON_BLOCKS = YES;
				GCC_WARN_64_TO_32_BIT_CONVERSION = YES;
				GCC_WARN_ABOUT_RETURN_TYPE = YES_ERROR;
				GCC_WARN_UNDECLARED_SELECTOR = YES;
				GCC_WARN_UNINITIALIZED_AUTOS = YES_AGGRESSIVE;
				GCC_WARN_UNUSED_FUNCTION = YES;
				GCC_WARN_UNUSED_VARIABLE = YES;
				IPHONEOS_DEPLOYMENT_TARGET = 15.2;
				MTL_ENABLE_DEBUG_INFO = NO;
				MTL_FAST_MATH = YES;
				SDKROOT = iphoneos;
				SWIFT_COMPILATION_MODE = wholemodule;
				SWIFT_OPTIMIZATION_LEVEL = "-O";
				VALIDATE_PRODUCT = YES;
			};
			name = Release;
		};
		7772FF0E2CF7EEB400007EFC /* Debug */ = {
			isa = XCBuildConfiguration;
			buildSettings = {
				ASSETCATALOG_COMPILER_APPICON_NAME = AppIcon;
				ASSETCATALOG_COMPILER_GLOBAL_ACCENT_COLOR_NAME = AccentColor;
				CODE_SIGN_STYLE = Automatic;
				CURRENT_PROJECT_VERSION = 1;
				GENERATE_INFOPLIST_FILE = YES;
				INFOPLIST_FILE = Vista3Test/Info.plist;
				INFOPLIST_KEY_UIApplicationSupportsIndirectInputEvents = YES;
				INFOPLIST_KEY_UILaunchStoryboardName = LaunchScreen;
				INFOPLIST_KEY_UIMainStoryboardFile = Main;
				INFOPLIST_KEY_UISupportedInterfaceOrientations_iPad = "UIInterfaceOrientationPortrait UIInterfaceOrientationPortraitUpsideDown UIInterfaceOrientationLandscapeLeft UIInterfaceOrientationLandscapeRight";
				INFOPLIST_KEY_UISupportedInterfaceOrientations_iPhone = "UIInterfaceOrientationPortrait UIInterfaceOrientationLandscapeLeft UIInterfaceOrientationLandscapeRight";
				LD_RUNPATH_SEARCH_PATHS = (
					"$(inherited)",
					"@executable_path/Frameworks",
				);
				MARKETING_VERSION = 1.0;
				PRODUCT_BUNDLE_IDENTIFIER = uam.Vista3Test;
				PRODUCT_NAME = "$(TARGET_NAME)";
				SWIFT_EMIT_LOC_STRINGS = YES;
				SWIFT_VERSION = 5.0;
				TARGETED_DEVICE_FAMILY = "1,2";
			};
			name = Debug;
		};
		7772FF0F2CF7EEB400007EFC /* Release */ = {
			isa = XCBuildConfiguration;
			buildSettings = {
				ASSETCATALOG_COMPILER_APPICON_NAME = AppIcon;
				ASSETCATALOG_COMPILER_GLOBAL_ACCENT_COLOR_NAME = AccentColor;
				CODE_SIGN_STYLE = Automatic;
				CURRENT_PROJECT_VERSION = 1;
				GENERATE_INFOPLIST_FILE = YES;
				INFOPLIST_FILE = Vista3Test/Info.plist;
				INFOPLIST_KEY_UIApplicationSupportsIndirectInputEvents = YES;
				INFOPLIST_KEY_UILaunchStoryboardName = LaunchScreen;
				INFOPLIST_KEY_UIMainStoryboardFile = Main;
				INFOPLIST_KEY_UISupportedInterfaceOrientations_iPad = "UIInterfaceOrientationPortrait UIInterfaceOrientationPortraitUpsideDown UIInterfaceOrientationLandscapeLeft UIInterfaceOrientationLandscapeRight";
				INFOPLIST_KEY_UISupportedInterfaceOrientations_iPhone = "UIInterfaceOrientationPortrait UIInterfaceOrientationLandscapeLeft UIInterfaceOrientationLandscapeRight";
				LD_RUNPATH_SEARCH_PATHS = (
					"$(inherited)",
					"@executable_path/Frameworks",
				);
				MARKETING_VERSION = 1.0;
				PRODUCT_BUNDLE_IDENTIFIER = uam.Vista3Test;
				PRODUCT_NAME = "$(TARGET_NAME)";
				SWIFT_EMIT_LOC_STRINGS = YES;
				SWIFT_VERSION = 5.0;
				TARGETED_DEVICE_FAMILY = "1,2";
			};
			name = Release;
		};
		7772FF112CF7EEB400007EFC /* Debug */ = {
			isa = XCBuildConfiguration;
			buildSettings = {
				ALWAYS_EMBED_SWIFT_STANDARD_LIBRARIES = YES;
				BUNDLE_LOADER = "$(TEST_HOST)";
				CODE_SIGN_STYLE = Automatic;
				CURRENT_PROJECT_VERSION = 1;
				GENERATE_INFOPLIST_FILE = YES;
				IPHONEOS_DEPLOYMENT_TARGET = 15.2;
				MARKETING_VERSION = 1.0;
				PRODUCT_BUNDLE_IDENTIFIER = uam.Vista3TestTests;
				PRODUCT_NAME = "$(TARGET_NAME)";
				SWIFT_EMIT_LOC_STRINGS = NO;
				SWIFT_VERSION = 5.0;
				TARGETED_DEVICE_FAMILY = "1,2";
				TEST_HOST = "$(BUILT_PRODUCTS_DIR)/Vista3Test.app/Vista3Test";
			};
			name = Debug;
		};
		7772FF122CF7EEB400007EFC /* Release */ = {
			isa = XCBuildConfiguration;
			buildSettings = {
				ALWAYS_EMBED_SWIFT_STANDARD_LIBRARIES = YES;
				BUNDLE_LOADER = "$(TEST_HOST)";
				CODE_SIGN_STYLE = Automatic;
				CURRENT_PROJECT_VERSION = 1;
				GENERATE_INFOPLIST_FILE = YES;
				IPHONEOS_DEPLOYMENT_TARGET = 15.2;
				MARKETING_VERSION = 1.0;
				PRODUCT_BUNDLE_IDENTIFIER = uam.Vista3TestTests;
				PRODUCT_NAME = "$(TARGET_NAME)";
				SWIFT_EMIT_LOC_STRINGS = NO;
				SWIFT_VERSION = 5.0;
				TARGETED_DEVICE_FAMILY = "1,2";
				TEST_HOST = "$(BUILT_PRODUCTS_DIR)/Vista3Test.app/Vista3Test";
			};
			name = Release;
		};
		7772FF142CF7EEB400007EFC /* Debug */ = {
			isa = XCBuildConfiguration;
			buildSettings = {
				ALWAYS_EMBED_SWIFT_STANDARD_LIBRARIES = YES;
				CODE_SIGN_STYLE = Automatic;
				CURRENT_PROJECT_VERSION = 1;
				GENERATE_INFOPLIST_FILE = YES;
				MARKETING_VERSION = 1.0;
				PRODUCT_BUNDLE_IDENTIFIER = uam.Vista3TestUITests;
				PRODUCT_NAME = "$(TARGET_NAME)";
				SWIFT_EMIT_LOC_STRINGS = NO;
				SWIFT_VERSION = 5.0;
				TARGETED_DEVICE_FAMILY = "1,2";
				TEST_TARGET_NAME = Vista3Test;
			};
			name = Debug;
		};
		7772FF152CF7EEB400007EFC /* Release */ = {
			isa = XCBuildConfiguration;
			buildSettings = {
				ALWAYS_EMBED_SWIFT_STANDARD_LIBRARIES = YES;
				CODE_SIGN_STYLE = Automatic;
				CURRENT_PROJECT_VERSION = 1;
				GENERATE_INFOPLIST_FILE = YES;
				MARKETING_VERSION = 1.0;
				PRODUCT_BUNDLE_IDENTIFIER = uam.Vista3TestUITests;
				PRODUCT_NAME = "$(TARGET_NAME)";
				SWIFT_EMIT_LOC_STRINGS = NO;
				SWIFT_VERSION = 5.0;
				TARGETED_DEVICE_FAMILY = "1,2";
				TEST_TARGET_NAME = Vista3Test;
			};
			name = Release;
		};
/* End XCBuildConfiguration section */

/* Begin XCConfigurationList section */
		7772FEDE2CF7EEAF00007EFC /* Build configuration list for PBXProject "Vista3Test" */ = {
			isa = XCConfigurationList;
			buildConfigurations = (
				7772FF0B2CF7EEB400007EFC /* Debug */,
				7772FF0C2CF7EEB400007EFC /* Release */,
			);
			defaultConfigurationIsVisible = 0;
			defaultConfigurationName = Release;
		};
		7772FF0D2CF7EEB400007EFC /* Build configuration list for PBXNativeTarget "Vista3Test" */ = {
			isa = XCConfigurationList;
			buildConfigurations = (
				7772FF0E2CF7EEB400007EFC /* Debug */,
				7772FF0F2CF7EEB400007EFC /* Release */,
			);
			defaultConfigurationIsVisible = 0;
			defaultConfigurationName = Release;
		};
		7772FF102CF7EEB400007EFC /* Build configuration list for PBXNativeTarget "Vista3TestTests" */ = {
			isa = XCConfigurationList;
			buildConfigurations = (
				7772FF112CF7EEB400007EFC /* Debug */,
				7772FF122CF7EEB400007EFC /* Release */,
			);
			defaultConfigurationIsVisible = 0;
			defaultConfigurationName = Release;
		};
		7772FF132CF7EEB400007EFC /* Build configuration list for PBXNativeTarget "Vista3TestUITests" */ = {
			isa = XCConfigurationList;
			buildConfigurations = (
				7772FF142CF7EEB400007EFC /* Debug */,
				7772FF152CF7EEB400007EFC /* Release */,
			);
			defaultConfigurationIsVisible = 0;
			defaultConfigurationName = Release;
		};
/* End XCConfigurationList section */
	};
	rootObject = 7772FEDB2CF7EEAF00007EFC /* Project object */;
}
